// !$*UTF8*$!
{
	archiveVersion = 1;
	classes = {
	};
	objectVersion = 55;
	objects = {

/* Begin PBXBuildFile section */
		C3DA0BEB28AA9AA80076C4E8 /* AppDelegate.swift in Sources */ = {isa = PBXBuildFile; fileRef = C3DA0BEA28AA9AA80076C4E8 /* AppDelegate.swift */; };
		C3DA0BED28AA9AA80076C4E8 /* SceneDelegate.swift in Sources */ = {isa = PBXBuildFile; fileRef = C3DA0BEC28AA9AA80076C4E8 /* SceneDelegate.swift */; };
		C3DA0BF428AA9AA90076C4E8 /* Assets.xcassets in Resources */ = {isa = PBXBuildFile; fileRef = C3DA0BF328AA9AA90076C4E8 /* Assets.xcassets */; };
		C3DA0BF728AA9AA90076C4E8 /* LaunchScreen.storyboard in Resources */ = {isa = PBXBuildFile; fileRef = C3DA0BF528AA9AA90076C4E8 /* LaunchScreen.storyboard */; };
		C3DA0C0228AA9B820076C4E8 /* RepositoryListViewController.swift in Sources */ = {isa = PBXBuildFile; fileRef = C3DA0C0128AA9B820076C4E8 /* RepositoryListViewController.swift */; };
		C3DA0C0428AA9C640076C4E8 /* RepositoryListCell.swift in Sources */ = {isa = PBXBuildFile; fileRef = C3DA0C0328AA9C640076C4E8 /* RepositoryListCell.swift */; };
		C3DA0C0728AA9CBD0076C4E8 /* SnapKit in Frameworks */ = {isa = PBXBuildFile; productRef = C3DA0C0628AA9CBD0076C4E8 /* SnapKit */; };
		C3DA0C0928AAB2560076C4E8 /* Repository.swift in Sources */ = {isa = PBXBuildFile; fileRef = C3DA0C0828AAB2560076C4E8 /* Repository.swift */; };
		C3DA0C1A28AABC160076C4E8 /* RxCocoa in Frameworks */ = {isa = PBXBuildFile; productRef = C3DA0C1928AABC160076C4E8 /* RxCocoa */; };
		C3DA0C1C28AABC160076C4E8 /* RxSwift in Frameworks */ = {isa = PBXBuildFile; productRef = C3DA0C1B28AABC160076C4E8 /* RxSwift */; };
/* End PBXBuildFile section */

/* Begin PBXFileReference section */
		C3DA0BE728AA9AA80076C4E8 /* GitHubRepository.app */ = {isa = PBXFileReference; explicitFileType = wrapper.application; includeInIndex = 0; path = GitHubRepository.app; sourceTree = BUILT_PRODUCTS_DIR; };
		C3DA0BEA28AA9AA80076C4E8 /* AppDelegate.swift */ = {isa = PBXFileReference; lastKnownFileType = sourcecode.swift; path = AppDelegate.swift; sourceTree = "<group>"; };
		C3DA0BEC28AA9AA80076C4E8 /* SceneDelegate.swift */ = {isa = PBXFileReference; lastKnownFileType = sourcecode.swift; path = SceneDelegate.swift; sourceTree = "<group>"; };
		C3DA0BF328AA9AA90076C4E8 /* Assets.xcassets */ = {isa = PBXFileReference; lastKnownFileType = folder.assetcatalog; path = Assets.xcassets; sourceTree = "<group>"; };
		C3DA0BF628AA9AA90076C4E8 /* Base */ = {isa = PBXFileReference; lastKnownFileType = file.storyboard; name = Base; path = Base.lproj/LaunchScreen.storyboard; sourceTree = "<group>"; };
		C3DA0BF828AA9AA90076C4E8 /* Info.plist */ = {isa = PBXFileReference; lastKnownFileType = text.plist.xml; path = Info.plist; sourceTree = "<group>"; };
		C3DA0C0128AA9B820076C4E8 /* RepositoryListViewController.swift */ = {isa = PBXFileReference; lastKnownFileType = sourcecode.swift; path = RepositoryListViewController.swift; sourceTree = "<group>"; };
		C3DA0C0328AA9C640076C4E8 /* RepositoryListCell.swift */ = {isa = PBXFileReference; lastKnownFileType = sourcecode.swift; path = RepositoryListCell.swift; sourceTree = "<group>"; };
		C3DA0C0828AAB2560076C4E8 /* Repository.swift */ = {isa = PBXFileReference; lastKnownFileType = sourcecode.swift; path = Repository.swift; sourceTree = "<group>"; };
/* End PBXFileReference section */

/* Begin PBXFrameworksBuildPhase section */
		C3DA0BE428AA9AA80076C4E8 /* Frameworks */ = {
			isa = PBXFrameworksBuildPhase;
			buildActionMask = 2147483647;
			files = (
				C3DA0C1C28AABC160076C4E8 /* RxSwift in Frameworks */,
				C3DA0C1A28AABC160076C4E8 /* RxCocoa in Frameworks */,
				C3DA0C0728AA9CBD0076C4E8 /* SnapKit in Frameworks */,
			);
			runOnlyForDeploymentPostprocessing = 0;
		};
/* End PBXFrameworksBuildPhase section */

/* Begin PBXGroup section */
		C3DA0BDE28AA9AA80076C4E8 = {
			isa = PBXGroup;
			children = (
				C3DA0BE928AA9AA80076C4E8 /* GitHubRepository */,
				C3DA0BE828AA9AA80076C4E8 /* Products */,
			);
			sourceTree = "<group>";
		};
		C3DA0BE828AA9AA80076C4E8 /* Products */ = {
			isa = PBXGroup;
			children = (
				C3DA0BE728AA9AA80076C4E8 /* GitHubRepository.app */,
			);
			name = Products;
			sourceTree = "<group>";
		};
		C3DA0BE928AA9AA80076C4E8 /* GitHubRepository */ = {
			isa = PBXGroup;
			children = (
				C3DA0BEA28AA9AA80076C4E8 /* AppDelegate.swift */,
				C3DA0BEC28AA9AA80076C4E8 /* SceneDelegate.swift */,
				C3DA0BF328AA9AA90076C4E8 /* Assets.xcassets */,
				C3DA0BF528AA9AA90076C4E8 /* LaunchScreen.storyboard */,
				C3DA0BF828AA9AA90076C4E8 /* Info.plist */,
				C3DA0C0128AA9B820076C4E8 /* RepositoryListViewController.swift */,
				C3DA0C0328AA9C640076C4E8 /* RepositoryListCell.swift */,
				C3DA0C0828AAB2560076C4E8 /* Repository.swift */,
			);
			path = GitHubRepository;
			sourceTree = "<group>";
		};
/* End PBXGroup section */

/* Begin PBXNativeTarget section */
		C3DA0BE628AA9AA80076C4E8 /* GitHubRepository */ = {
			isa = PBXNativeTarget;
			buildConfigurationList = C3DA0BFB28AA9AA90076C4E8 /* Build configuration list for PBXNativeTarget "GitHubRepository" */;
			buildPhases = (
				C3DA0BE328AA9AA80076C4E8 /* Sources */,
				C3DA0BE428AA9AA80076C4E8 /* Frameworks */,
				C3DA0BE528AA9AA80076C4E8 /* Resources */,
			);
			buildRules = (
			);
			dependencies = (
			);
			name = GitHubRepository;
			packageProductDependencies = (
				C3DA0C0628AA9CBD0076C4E8 /* SnapKit */,
				C3DA0C1928AABC160076C4E8 /* RxCocoa */,
				C3DA0C1B28AABC160076C4E8 /* RxSwift */,
			);
			productName = GitHubRepository;
			productReference = C3DA0BE728AA9AA80076C4E8 /* GitHubRepository.app */;
			productType = "com.apple.product-type.application";
		};
/* End PBXNativeTarget section */

/* Begin PBXProject section */
		C3DA0BDF28AA9AA80076C4E8 /* Project object */ = {
			isa = PBXProject;
			attributes = {
				BuildIndependentTargetsInParallel = 1;
				LastSwiftUpdateCheck = 1340;
				LastUpgradeCheck = 1340;
				TargetAttributes = {
					C3DA0BE628AA9AA80076C4E8 = {
						CreatedOnToolsVersion = 13.4.1;
					};
				};
			};
			buildConfigurationList = C3DA0BE228AA9AA80076C4E8 /* Build configuration list for PBXProject "GitHubRepository" */;
			compatibilityVersion = "Xcode 13.0";
			developmentRegion = en;
			hasScannedForEncodings = 0;
			knownRegions = (
				en,
				Base,
			);
			mainGroup = C3DA0BDE28AA9AA80076C4E8;
			packageReferences = (
				C3DA0C0528AA9CBD0076C4E8 /* XCRemoteSwiftPackageReference "SnapKit" */,
				C3DA0C1828AABC160076C4E8 /* XCRemoteSwiftPackageReference "RxSwift" */,
			);
			productRefGroup = C3DA0BE828AA9AA80076C4E8 /* Products */;
			projectDirPath = "";
			projectRoot = "";
			targets = (
				C3DA0BE628AA9AA80076C4E8 /* GitHubRepository */,
			);
		};
/* End PBXProject section */

/* Begin PBXResourcesBuildPhase section */
		C3DA0BE528AA9AA80076C4E8 /* Resources */ = {
			isa = PBXResourcesBuildPhase;
			buildActionMask = 2147483647;
			files = (
				C3DA0BF728AA9AA90076C4E8 /* LaunchScreen.storyboard in Resources */,
				C3DA0BF428AA9AA90076C4E8 /* Assets.xcassets in Resources */,
			);
			runOnlyForDeploymentPostprocessing = 0;
		};
/* End PBXResourcesBuildPhase section */

/* Begin PBXSourcesBuildPhase section */
		C3DA0BE328AA9AA80076C4E8 /* Sources */ = {
			isa = PBXSourcesBuildPhase;
			buildActionMask = 2147483647;
			files = (
				C3DA0BEB28AA9AA80076C4E8 /* AppDelegate.swift in Sources */,
				C3DA0BED28AA9AA80076C4E8 /* SceneDelegate.swift in Sources */,
				C3DA0C0928AAB2560076C4E8 /* Repository.swift in Sources */,
				C3DA0C0228AA9B820076C4E8 /* RepositoryListViewController.swift in Sources */,
				C3DA0C0428AA9C640076C4E8 /* RepositoryListCell.swift in Sources */,
			);
			runOnlyForDeploymentPostprocessing = 0;
		};
/* End PBXSourcesBuildPhase section */

/* Begin PBXVariantGroup section */
		C3DA0BF528AA9AA90076C4E8 /* LaunchScreen.storyboard */ = {
			isa = PBXVariantGroup;
			children = (
				C3DA0BF628AA9AA90076C4E8 /* Base */,
			);
			name = LaunchScreen.storyboard;
			sourceTree = "<group>";
		};
/* End PBXVariantGroup section */

/* Begin XCBuildConfiguration section */
		C3DA0BF928AA9AA90076C4E8 /* Debug */ = {
			isa = XCBuildConfiguration;
			buildSettings = {
				ALWAYS_SEARCH_USER_PATHS = NO;
				CLANG_ANALYZER_NONNULL = YES;
				CLANG_ANALYZER_NUMBER_OBJECT_CONVERSION = YES_AGGRESSIVE;
				CLANG_CXX_LANGUAGE_STANDARD = "gnu++17";
				CLANG_ENABLE_MODULES = YES;
				CLANG_ENABLE_OBJC_ARC = YES;
				CLANG_ENABLE_OBJC_WEAK = YES;
				CLANG_WARN_BLOCK_CAPTURE_AUTORELEASING = YES;
				CLANG_WARN_BOOL_CONVERSION = YES;
				CLANG_WARN_COMMA = YES;
				CLANG_WARN_CONSTANT_CONVERSION = YES;
				CLANG_WARN_DEPRECATED_OBJC_IMPLEMENTATIONS = YES;
				CLANG_WARN_DIRECT_OBJC_ISA_USAGE = YES_ERROR;
				CLANG_WARN_DOCUMENTATION_COMMENTS = YES;
				CLANG_WARN_EMPTY_BODY = YES;
				CLANG_WARN_ENUM_CONVERSION = YES;
				CLANG_WARN_INFINITE_RECURSION = YES;
				CLANG_WARN_INT_CONVERSION = YES;
				CLANG_WARN_NON_LITERAL_NULL_CONVERSION = YES;
				CLANG_WARN_OBJC_IMPLICIT_RETAIN_SELF = YES;
				CLANG_WARN_OBJC_LITERAL_CONVERSION = YES;
				CLANG_WARN_OBJC_ROOT_CLASS = YES_ERROR;
				CLANG_WARN_QUOTED_INCLUDE_IN_FRAMEWORK_HEADER = YES;
				CLANG_WARN_RANGE_LOOP_ANALYSIS = YES;
				CLANG_WARN_STRICT_PROTOTYPES = YES;
				CLANG_WARN_SUSPICIOUS_MOVE = YES;
				CLANG_WARN_UNGUARDED_AVAILABILITY = YES_AGGRESSIVE;
				CLANG_WARN_UNREACHABLE_CODE = YES;
				CLANG_WARN__DUPLICATE_METHOD_MATCH = YES;
				COPY_PHASE_STRIP = NO;
				DEBUG_INFORMATION_FORMAT = dwarf;
				ENABLE_STRICT_OBJC_MSGSEND = YES;
				ENABLE_TESTABILITY = YES;
				ENABLE_TESTING_SEARCH_PATHS = YES;
				GCC_C_LANGUAGE_STANDARD = gnu11;
				GCC_DYNAMIC_NO_PIC = NO;
				GCC_NO_COMMON_BLOCKS = YES;
				GCC_OPTIMIZATION_LEVEL = 0;
				GCC_PREPROCESSOR_DEFINITIONS = (
					"DEBUG=1",
					"$(inherited)",
				);
				GCC_WARN_64_TO_32_BIT_CONVERSION = YES;
				GCC_WARN_ABOUT_RETURN_TYPE = YES_ERROR;
				GCC_WARN_UNDECLARED_SELECTOR = YES;
				GCC_WARN_UNINITIALIZED_AUTOS = YES_AGGRESSIVE;
				GCC_WARN_UNUSED_FUNCTION = YES;
				GCC_WARN_UNUSED_VARIABLE = YES;
				IPHONEOS_DEPLOYMENT_TARGET = 15.5;
				MTL_ENABLE_DEBUG_INFO = INCLUDE_SOURCE;
				MTL_FAST_MATH = YES;
				ONLY_ACTIVE_ARCH = YES;
				SDKROOT = iphoneos;
				SWIFT_ACTIVE_COMPILATION_CONDITIONS = DEBUG;
				SWIFT_OPTIMIZATION_LEVEL = "-Onone";
			};
			name = Debug;
		};
		C3DA0BFA28AA9AA90076C4E8 /* Release */ = {
			isa = XCBuildConfiguration;
			buildSettings = {
				ALWAYS_SEARCH_USER_PATHS = NO;
				CLANG_ANALYZER_NONNULL = YES;
				CLANG_ANALYZER_NUMBER_OBJECT_CONVERSION = YES_AGGRESSIVE;
				CLANG_CXX_LANGUAGE_STANDARD = "gnu++17";
				CLANG_ENABLE_MODULES = YES;
				CLANG_ENABLE_OBJC_ARC = YES;
				CLANG_ENABLE_OBJC_WEAK = YES;
				CLANG_WARN_BLOCK_CAPTURE_AUTORELEASING = YES;
				CLANG_WARN_BOOL_CONVERSION = YES;
				CLANG_WARN_COMMA = YES;
				CLANG_WARN_CONSTANT_CONVERSION = YES;
				CLANG_WARN_DEPRECATED_OBJC_IMPLEMENTATIONS = YES;
				CLANG_WARN_DIRECT_OBJC_ISA_USAGE = YES_ERROR;
				CLANG_WARN_DOCUMENTATION_COMMENTS = YES;
				CLANG_WARN_EMPTY_BODY = YES;
				CLANG_WARN_ENUM_CONVERSION = YES;
				CLANG_WARN_INFINITE_RECURSION = YES;
				CLANG_WARN_INT_CONVERSION = YES;
				CLANG_WARN_NON_LITERAL_NULL_CONVERSION = YES;
				CLANG_WARN_OBJC_IMPLICIT_RETAIN_SELF = YES;
				CLANG_WARN_OBJC_LITERAL_CONVERSION = YES;
				CLANG_WARN_OBJC_ROOT_CLASS = YES_ERROR;
				CLANG_WARN_QUOTED_INCLUDE_IN_FRAMEWORK_HEADER = YES;
				CLANG_WARN_RANGE_LOOP_ANALYSIS = YES;
				CLANG_WARN_STRICT_PROTOTYPES = YES;
				CLANG_WARN_SUSPICIOUS_MOVE = YES;
				CLANG_WARN_UNGUARDED_AVAILABILITY = YES_AGGRESSIVE;
				CLANG_WARN_UNREACHABLE_CODE = YES;
				CLANG_WARN__DUPLICATE_METHOD_MATCH = YES;
				COPY_PHASE_STRIP = NO;
				DEBUG_INFORMATION_FORMAT = "dwarf-with-dsym";
				ENABLE_NS_ASSERTIONS = NO;
				ENABLE_STRICT_OBJC_MSGSEND = YES;
				ENABLE_TESTING_SEARCH_PATHS = YES;
				GCC_C_LANGUAGE_STANDARD = gnu11;
				GCC_NO_COMMON_BLOCKS = YES;
				GCC_WARN_64_TO_32_BIT_CONVERSION = YES;
				GCC_WARN_ABOUT_RETURN_TYPE = YES_ERROR;
				GCC_WARN_UNDECLARED_SELECTOR = YES;
				GCC_WARN_UNINITIALIZED_AUTOS = YES_AGGRESSIVE;
				GCC_WARN_UNUSED_FUNCTION = YES;
				GCC_WARN_UNUSED_VARIABLE = YES;
				IPHONEOS_DEPLOYMENT_TARGET = 15.5;
				MTL_ENABLE_DEBUG_INFO = NO;
				MTL_FAST_MATH = YES;
				SDKROOT = iphoneos;
				SWIFT_COMPILATION_MODE = wholemodule;
				SWIFT_OPTIMIZATION_LEVEL = "-O";
				VALIDATE_PRODUCT = YES;
			};
			name = Release;
		};
		C3DA0BFC28AA9AA90076C4E8 /* Debug */ = {
			isa = XCBuildConfiguration;
			buildSettings = {
				ASSETCATALOG_COMPILER_APPICON_NAME = AppIcon;
				ASSETCATALOG_COMPILER_GLOBAL_ACCENT_COLOR_NAME = AccentColor;
				CODE_SIGN_STYLE = Automatic;
				CURRENT_PROJECT_VERSION = 1;
				DEVELOPMENT_TEAM = XT9KMRDJC2;
				GENERATE_INFOPLIST_FILE = YES;
				INFOPLIST_FILE = GitHubRepository/Info.plist;
				INFOPLIST_KEY_UIApplicationSupportsIndirectInputEvents = YES;
				INFOPLIST_KEY_UILaunchStoryboardName = LaunchScreen;
				INFOPLIST_KEY_UISupportedInterfaceOrientations_iPad = "UIInterfaceOrientationPortrait UIInterfaceOrientationPortraitUpsideDown UIInterfaceOrientationLandscapeLeft UIInterfaceOrientationLandscapeRight";
				INFOPLIST_KEY_UISupportedInterfaceOrientations_iPhone = "UIInterfaceOrientationPortrait UIInterfaceOrientationLandscapeLeft UIInterfaceOrientationLandscapeRight";
				LD_RUNPATH_SEARCH_PATHS = (
					"$(inherited)",
					"@executable_path/Frameworks",
				);
				MARKETING_VERSION = 1.0;
				PRODUCT_BUNDLE_IDENTIFIER = com.chobi.GitHubRepository;
				PRODUCT_NAME = "$(TARGET_NAME)";
				SWIFT_EMIT_LOC_STRINGS = YES;
				SWIFT_VERSION = 5.0;
				TARGETED_DEVICE_FAMILY = "1,2";
			};
			name = Debug;
		};
		C3DA0BFD28AA9AA90076C4E8 /* Release */ = {
			isa = XCBuildConfiguration;
			buildSettings = {
				ASSETCATALOG_COMPILER_APPICON_NAME = AppIcon;
				ASSETCATALOG_COMPILER_GLOBAL_ACCENT_COLOR_NAME = AccentColor;
				CODE_SIGN_STYLE = Automatic;
				CURRENT_PROJECT_VERSION = 1;
				DEVELOPMENT_TEAM = XT9KMRDJC2;
				GENERATE_INFOPLIST_FILE = YES;
				INFOPLIST_FILE = GitHubRepository/Info.plist;
				INFOPLIST_KEY_UIApplicationSupportsIndirectInputEvents = YES;
				INFOPLIST_KEY_UILaunchStoryboardName = LaunchScreen;
				INFOPLIST_KEY_UISupportedInterfaceOrientations_iPad = "UIInterfaceOrientationPortrait UIInterfaceOrientationPortraitUpsideDown UIInterfaceOrientationLandscapeLeft UIInterfaceOrientationLandscapeRight";
				INFOPLIST_KEY_UISupportedInterfaceOrientations_iPhone = "UIInterfaceOrientationPortrait UIInterfaceOrientationLandscapeLeft UIInterfaceOrientationLandscapeRight";
				LD_RUNPATH_SEARCH_PATHS = (
					"$(inherited)",
					"@executable_path/Frameworks",
				);
				MARKETING_VERSION = 1.0;
				PRODUCT_BUNDLE_IDENTIFIER = com.chobi.GitHubRepository;
				PRODUCT_NAME = "$(TARGET_NAME)";
				SWIFT_EMIT_LOC_STRINGS = YES;
				SWIFT_VERSION = 5.0;
				TARGETED_DEVICE_FAMILY = "1,2";
			};
			name = Release;
		};
/* End XCBuildConfiguration section */

/* Begin XCConfigurationList section */
		C3DA0BE228AA9AA80076C4E8 /* Build configuration list for PBXProject "GitHubRepository" */ = {
			isa = XCConfigurationList;
			buildConfigurations = (
				C3DA0BF928AA9AA90076C4E8 /* Debug */,
				C3DA0BFA28AA9AA90076C4E8 /* Release */,
			);
			defaultConfigurationIsVisible = 0;
			defaultConfigurationName = Release;
		};
		C3DA0BFB28AA9AA90076C4E8 /* Build configuration list for PBXNativeTarget "GitHubRepository" */ = {
			isa = XCConfigurationList;
			buildConfigurations = (
				C3DA0BFC28AA9AA90076C4E8 /* Debug */,
				C3DA0BFD28AA9AA90076C4E8 /* Release */,
			);
			defaultConfigurationIsVisible = 0;
			defaultConfigurationName = Release;
		};
/* End XCConfigurationList section */

/* Begin XCRemoteSwiftPackageReference section */
		C3DA0C0528AA9CBD0076C4E8 /* XCRemoteSwiftPackageReference "SnapKit" */ = {
			isa = XCRemoteSwiftPackageReference;
			repositoryURL = "https://github.com/SnapKit/SnapKit.git";
			requirement = {
				branch = develop;
				kind = branch;
			};
		};
		C3DA0C1828AABC160076C4E8 /* XCRemoteSwiftPackageReference "RxSwift" */ = {
			isa = XCRemoteSwiftPackageReference;
			repositoryURL = "https://github.com/ReactiveX/RxSwift.git";
			requirement = {
				branch = main;
				kind = branch;
			};
		};
/* End XCRemoteSwiftPackageReference section */

/* Begin XCSwiftPackageProductDependency section */
		C3DA0C0628AA9CBD0076C4E8 /* SnapKit */ = {
			isa = XCSwiftPackageProductDependency;
			package = C3DA0C0528AA9CBD0076C4E8 /* XCRemoteSwiftPackageReference "SnapKit" */;
			productName = SnapKit;
		};
		C3DA0C1928AABC160076C4E8 /* RxCocoa */ = {
			isa = XCSwiftPackageProductDependency;
			package = C3DA0C1828AABC160076C4E8 /* XCRemoteSwiftPackageReference "RxSwift" */;
			productName = RxCocoa;
		};
		C3DA0C1B28AABC160076C4E8 /* RxSwift */ = {
			isa = XCSwiftPackageProductDependency;
			package = C3DA0C1828AABC160076C4E8 /* XCRemoteSwiftPackageReference "RxSwift" */;
			productName = RxSwift;
		};
/* End XCSwiftPackageProductDependency section */
	};
	rootObject = C3DA0BDF28AA9AA80076C4E8 /* Project object */;
}
